
Microsoft Visual Studio Solution File, Format Version 12.00
# Visual Studio Version 16
VisualStudioVersion = 16.6.30114.105
MinimumVisualStudioVersion = 10.0.40219.1
Project("{2150E333-8FDC-42A3-9474-1A3956D46DE8}") = "serverside", "serverside", "{587DDB6F-C1C7-46AD-ABCE-0D62AF8CEBD6}"
EndProject
Project("{FAE04EC0-301F-11D3-BF4B-00C04F79EFBC}") = "cis", "serverside\src\cis.csproj", "{875C647D-FD54-4E5E-8784-8D0BF4C84CF3}"
EndProject
Project("{2150E333-8FDC-42A3-9474-1A3956D46DE8}") = "testtarget", "testtarget", "{AC96D517-3166-4FBA-83F2-270BBBD1B32E}"
EndProject
Project("{FAE04EC0-301F-11D3-BF4B-00C04F79EFBC}") = "ServersideTests", "testtarget\Serverside\ServersideTests.csproj", "{198F6300-1819-4FA7-AC21-8199301DABFA}"
EndProject
Project("{FAE04EC0-301F-11D3-BF4B-00C04F79EFBC}") = "SeleniumTests", "testtarget\Selenium\SeleniumTests.csproj", "{AEA9DECC-9C78-4394-933B-FAE6E9D30A85}"
EndProject
Project("{FAE04EC0-301F-11D3-BF4B-00C04F79EFBC}") = "APITests", "testtarget\API\APITests.csproj", "{FAE7B49D-2819-4DA4-BAA8-A8104C817FFF}"
EndProject
Project("{FAE04EC0-301F-11D3-BF4B-00C04F79EFBC}") = "TestDataLib", "testtarget\TestDataLib\TestDataLib.csproj", "{27302786-7FBF-48E1-8B66-9562CF011628}"
EndProject
Global
	GlobalSection(SolutionConfigurationPlatforms) = preSolution
		Debug|Any CPU = Debug|Any CPU
		Debug|x64 = Debug|x64
		Debug|x86 = Debug|x86
		Release|Any CPU = Release|Any CPU
		Release|x64 = Release|x64
		Release|x86 = Release|x86
	EndGlobalSection
	GlobalSection(SolutionProperties) = preSolution
		HideSolutionNode = FALSE
	EndGlobalSection
	GlobalSection(ProjectConfigurationPlatforms) = postSolution
		{875C647D-FD54-4E5E-8784-8D0BF4C84CF3}.Debug|Any CPU.ActiveCfg = Debug|Any CPU
		{875C647D-FD54-4E5E-8784-8D0BF4C84CF3}.Debug|Any CPU.Build.0 = Debug|Any CPU
		{875C647D-FD54-4E5E-8784-8D0BF4C84CF3}.Debug|x64.ActiveCfg = Debug|Any CPU
		{875C647D-FD54-4E5E-8784-8D0BF4C84CF3}.Debug|x64.Build.0 = Debug|Any CPU
		{875C647D-FD54-4E5E-8784-8D0BF4C84CF3}.Debug|x86.ActiveCfg = Debug|Any CPU
		{875C647D-FD54-4E5E-8784-8D0BF4C84CF3}.Debug|x86.Build.0 = Debug|Any CPU
		{875C647D-FD54-4E5E-8784-8D0BF4C84CF3}.Release|Any CPU.ActiveCfg = Release|Any CPU
		{875C647D-FD54-4E5E-8784-8D0BF4C84CF3}.Release|Any CPU.Build.0 = Release|Any CPU
		{875C647D-FD54-4E5E-8784-8D0BF4C84CF3}.Release|x64.ActiveCfg = Release|Any CPU
		{875C647D-FD54-4E5E-8784-8D0BF4C84CF3}.Release|x64.Build.0 = Release|Any CPU
		{875C647D-FD54-4E5E-8784-8D0BF4C84CF3}.Release|x86.ActiveCfg = Release|Any CPU
		{875C647D-FD54-4E5E-8784-8D0BF4C84CF3}.Release|x86.Build.0 = Release|Any CPU
		{198F6300-1819-4FA7-AC21-8199301DABFA}.Debug|Any CPU.ActiveCfg = Debug|Any CPU
		{198F6300-1819-4FA7-AC21-8199301DABFA}.Debug|Any CPU.Build.0 = Debug|Any CPU
		{198F6300-1819-4FA7-AC21-8199301DABFA}.Debug|x64.ActiveCfg = Debug|Any CPU
		{198F6300-1819-4FA7-AC21-8199301DABFA}.Debug|x64.Build.0 = Debug|Any CPU
		{198F6300-1819-4FA7-AC21-8199301DABFA}.Debug|x86.ActiveCfg = Debug|Any CPU
		{198F6300-1819-4FA7-AC21-8199301DABFA}.Debug|x86.Build.0 = Debug|Any CPU
		{198F6300-1819-4FA7-AC21-8199301DABFA}.Release|Any CPU.ActiveCfg = Release|Any CPU
		{198F6300-1819-4FA7-AC21-8199301DABFA}.Release|Any CPU.Build.0 = Release|Any CPU
		{198F6300-1819-4FA7-AC21-8199301DABFA}.Release|x64.ActiveCfg = Release|Any CPU
		{198F6300-1819-4FA7-AC21-8199301DABFA}.Release|x64.Build.0 = Release|Any CPU
		{198F6300-1819-4FA7-AC21-8199301DABFA}.Release|x86.ActiveCfg = Release|Any CPU
		{198F6300-1819-4FA7-AC21-8199301DABFA}.Release|x86.Build.0 = Release|Any CPU
		{AEA9DECC-9C78-4394-933B-FAE6E9D30A85}.Debug|Any CPU.ActiveCfg = Debug|Any CPU
		{AEA9DECC-9C78-4394-933B-FAE6E9D30A85}.Debug|Any CPU.Build.0 = Debug|Any CPU
		{AEA9DECC-9C78-4394-933B-FAE6E9D30A85}.Debug|x64.ActiveCfg = Debug|Any CPU
		{AEA9DECC-9C78-4394-933B-FAE6E9D30A85}.Debug|x64.Build.0 = Debug|Any CPU
		{AEA9DECC-9C78-4394-933B-FAE6E9D30A85}.Debug|x86.ActiveCfg = Debug|Any CPU
		{AEA9DECC-9C78-4394-933B-FAE6E9D30A85}.Debug|x86.Build.0 = Debug|Any CPU
		{AEA9DECC-9C78-4394-933B-FAE6E9D30A85}.Release|Any CPU.ActiveCfg = Release|Any CPU
		{AEA9DECC-9C78-4394-933B-FAE6E9D30A85}.Release|Any CPU.Build.0 = Release|Any CPU
		{AEA9DECC-9C78-4394-933B-FAE6E9D30A85}.Release|x64.ActiveCfg = Release|Any CPU
		{AEA9DECC-9C78-4394-933B-FAE6E9D30A85}.Release|x64.Build.0 = Release|Any CPU
		{AEA9DECC-9C78-4394-933B-FAE6E9D30A85}.Release|x86.ActiveCfg = Release|Any CPU
		{AEA9DECC-9C78-4394-933B-FAE6E9D30A85}.Release|x86.Build.0 = Release|Any CPU
		{FAE7B49D-2819-4DA4-BAA8-A8104C817FFF}.Debug|Any CPU.ActiveCfg = Debug|Any CPU
		{FAE7B49D-2819-4DA4-BAA8-A8104C817FFF}.Debug|Any CPU.Build.0 = Debug|Any CPU
		{FAE7B49D-2819-4DA4-BAA8-A8104C817FFF}.Debug|x64.ActiveCfg = Debug|Any CPU
		{FAE7B49D-2819-4DA4-BAA8-A8104C817FFF}.Debug|x64.Build.0 = Debug|Any CPU
		{FAE7B49D-2819-4DA4-BAA8-A8104C817FFF}.Debug|x86.ActiveCfg = Debug|Any CPU
		{FAE7B49D-2819-4DA4-BAA8-A8104C817FFF}.Debug|x86.Build.0 = Debug|Any CPU
		{FAE7B49D-2819-4DA4-BAA8-A8104C817FFF}.Release|Any CPU.ActiveCfg = Release|Any CPU
		{FAE7B49D-2819-4DA4-BAA8-A8104C817FFF}.Release|Any CPU.Build.0 = Release|Any CPU
		{FAE7B49D-2819-4DA4-BAA8-A8104C817FFF}.Release|x64.ActiveCfg = Release|Any CPU
		{FAE7B49D-2819-4DA4-BAA8-A8104C817FFF}.Release|x64.Build.0 = Release|Any CPU
		{FAE7B49D-2819-4DA4-BAA8-A8104C817FFF}.Release|x86.ActiveCfg = Release|Any CPU
		{FAE7B49D-2819-4DA4-BAA8-A8104C817FFF}.Release|x86.Build.0 = Release|Any CPU
		{27302786-7FBF-48E1-8B66-9562CF011628}.Debug|Any CPU.ActiveCfg = Debug|Any CPU
		{27302786-7FBF-48E1-8B66-9562CF011628}.Debug|Any CPU.Build.0 = Debug|Any CPU
		{27302786-7FBF-48E1-8B66-9562CF011628}.Debug|x64.ActiveCfg = Debug|Any CPU
		{27302786-7FBF-48E1-8B66-9562CF011628}.Debug|x64.Build.0 = Debug|Any CPU
		{27302786-7FBF-48E1-8B66-9562CF011628}.Debug|x86.ActiveCfg = Debug|Any CPU
		{27302786-7FBF-48E1-8B66-9562CF011628}.Debug|x86.Build.0 = Debug|Any CPU
		{27302786-7FBF-48E1-8B66-9562CF011628}.Release|Any CPU.ActiveCfg = Release|Any CPU
		{27302786-7FBF-48E1-8B66-9562CF011628}.Release|Any CPU.Build.0 = Release|Any CPU
		{27302786-7FBF-48E1-8B66-9562CF011628}.Release|x64.ActiveCfg = Release|Any CPU
		{27302786-7FBF-48E1-8B66-9562CF011628}.Release|x64.Build.0 = Release|Any CPU
		{27302786-7FBF-48E1-8B66-9562CF011628}.Release|x86.ActiveCfg = Release|Any CPU
		{27302786-7FBF-48E1-8B66-9562CF011628}.Release|x86.Build.0 = Release|Any CPU
	EndGlobalSection
	GlobalSection(NestedProjects) = preSolution
		{875C647D-FD54-4E5E-8784-8D0BF4C84CF3} = {587DDB6F-C1C7-46AD-ABCE-0D62AF8CEBD6}
		{198F6300-1819-4FA7-AC21-8199301DABFA} = {AC96D517-3166-4FBA-83F2-270BBBD1B32E}
		{AEA9DECC-9C78-4394-933B-FAE6E9D30A85} = {AC96D517-3166-4FBA-83F2-270BBBD1B32E}
		{FAE7B49D-2819-4DA4-BAA8-A8104C817FFF} = {AC96D517-3166-4FBA-83F2-270BBBD1B32E}
		{27302786-7FBF-48E1-8B66-9562CF011628} = {AC96D517-3166-4FBA-83F2-270BBBD1B32E}
	EndGlobalSection
EndGlobal
