# THIS IS AN AUTOGENERATED FILE. DO NOT EDIT THIS FILE DIRECTLY.
# yarn lockfile v1


"@coreui/react@^4.0.0-rc.4":
  version "4.0.0-rc.4"
  resolved "https://registry.yarnpkg.com/@coreui/react/-/react-4.0.0-rc.4.tgz#6bc3022b368ecadd3c9a8ceb3f7f36665a870b3c"
  integrity sha512-g3i6HNtZkl4ojR77Ot19cage1D6fOL/9XVTBECBQlI0OBDdv9Vl4SgJ/vk84pxAQZEEcbUHZ/bBYa/NRXxOjkg==
